{
  "name": "codex-maintainer-automation",
  "version": "0.1.1",
  "lockfileVersion": 3,
  "requires": true,
  "packages": {
    "": {
      "name": "codex-maintainer-automation",
      "version": "0.1.1",
      "license": "MIT",
      "bin": {
        "codex-maintainer": "bin/codex-maintainer.js"
      },
      "engines": {
        "node": ">=20"
      }
    }
  }
}
